
Microsoft Visual Studio Solution File, Format Version 12.00
# Visual Studio Version 16
VisualStudioVersion = 16.0.32901.82
MinimumVisualStudioVersion = 10.0.40219.1
Project("{FAE04EC0-301F-11D3-BF4B-00C04F79EFBC}") = "MegaDesk 1.0", "MegaDesk 1.0\MegaDesk 1.0.csproj", "{DE87A950-AD45-46DB-8ABC-1D270BFE2AA5}"
EndProject
Global
	GlobalSection(SolutionConfigurationPlatforms) = preSolution
		Debug|Any CPU = Debug|Any CPU
		Release|Any CPU = Release|Any CPU
	EndGlobalSection
	GlobalSection(ProjectConfigurationPlatforms) = postSolution
		{DE87A950-AD45-46DB-8ABC-1D270BFE2AA5}.Debug|Any CPU.ActiveCfg = Debug|Any CPU
		{DE87A950-AD45-46DB-8ABC-1D270BFE2AA5}.Debug|Any CPU.Build.0 = Debug|Any CPU
		{DE87A950-AD45-46DB-8ABC-1D270BFE2AA5}.Release|Any CPU.ActiveCfg = Release|Any CPU
		{DE87A950-AD45-46DB-8ABC-1D270BFE2AA5}.Release|Any CPU.Build.0 = Release|Any CPU
	EndGlobalSection
	GlobalSection(SolutionProperties) = preSolution
		HideSolutionNode = FALSE
	EndGlobalSection
	GlobalSection(ExtensibilityGlobals) = postSolution
		SolutionGuid = {B647EA02-6C27-45D3-8222-0406DD4B3C25}
	EndGlobalSection
EndGlobal
